
Microsoft Visual Studio Solution File, Format Version 12.00
# Visual Studio Version 16
VisualStudioVersion = 16.0.30517.126
MinimumVisualStudioVersion = 10.0.40219.1
Project("{FAE04EC0-301F-11D3-BF4B-00C04F79EFBC}") = "ConsoleApp1", "ConsoleApp1\ConsoleApp1.csproj", "{E811BF9B-97B2-4864-B775-76834FFBEACC}"
EndProject
Global
	GlobalSection(SolutionConfigurationPlatforms) = preSolution
		Debug|Any CPU = Debug|Any CPU
		Release|Any CPU = Release|Any CPU
	EndGlobalSection
	GlobalSection(ProjectConfigurationPlatforms) = postSolution
		{E811BF9B-97B2-4864-B775-76834FFBEACC}.Debug|Any CPU.ActiveCfg = Debug|Any CPU
		{E811BF9B-97B2-4864-B775-76834FFBEACC}.Debug|Any CPU.Build.0 = Debug|Any CPU
		{E811BF9B-97B2-4864-B775-76834FFBEACC}.Release|Any CPU.ActiveCfg = Release|Any CPU
		{E811BF9B-97B2-4864-B775-76834FFBEACC}.Release|Any CPU.Build.0 = Release|Any CPU
	EndGlobalSection
	GlobalSection(SolutionProperties) = preSolution
		HideSolutionNode = FALSE
	EndGlobalSection
	GlobalSection(ExtensibilityGlobals) = postSolution
		SolutionGuid = {DD5FC163-A5BF-4487-BDF0-DE723C400F98}
	EndGlobalSection
EndGlobal
